
Microsoft Visual Studio Solution File, Format Version 12.00
# Visual Studio Version 16
VisualStudioVersion = 16.0.29613.14
MinimumVisualStudioVersion = 10.0.40219.1
Project("{FAE04EC0-301F-11D3-BF4B-00C04F79EFBC}") = "Trivia.NET", "Trivia.NET\Trivia.NET.csproj", "{9AE74975-7638-47BE-91B6-6381B747BC76}"
EndProject
Global
	GlobalSection(SolutionConfigurationPlatforms) = preSolution
		Debug|Any CPU = Debug|Any CPU
		Release|Any CPU = Release|Any CPU
	EndGlobalSection
	GlobalSection(ProjectConfigurationPlatforms) = postSolution
		{9AE74975-7638-47BE-91B6-6381B747BC76}.Debug|Any CPU.ActiveCfg = Debug|Any CPU
		{9AE74975-7638-47BE-91B6-6381B747BC76}.Debug|Any CPU.Build.0 = Debug|Any CPU
		{9AE74975-7638-47BE-91B6-6381B747BC76}.Release|Any CPU.ActiveCfg = Release|Any CPU
		{9AE74975-7638-47BE-91B6-6381B747BC76}.Release|Any CPU.Build.0 = Release|Any CPU
	EndGlobalSection
	GlobalSection(SolutionProperties) = preSolution
		HideSolutionNode = FALSE
	EndGlobalSection
	GlobalSection(ExtensibilityGlobals) = postSolution
		SolutionGuid = {8FF6C111-BB78-4EB1-9FF9-E532CD5C9C41}
	EndGlobalSection
EndGlobal
